
Microsoft Visual Studio Solution File, Format Version 12.00
# Visual Studio Version 17
VisualStudioVersion = 17.14.36429.23
MinimumVisualStudioVersion = 10.0.40219.1
Project("{FAE04EC0-301F-11D3-BF4B-00C04F79EFBC}") = "PhoneBook.Frontend", "src\PhoneBook.Frontend\PhoneBook.Frontend.csproj", "{D192CFD2-DFC9-9BFB-9DAD-85AEE271511E}"
EndProject
Project("{FAE04EC0-301F-11D3-BF4B-00C04F79EFBC}") = "PhoneBook.WebService", "src\PhoneBook.WebService\PhoneBook.WebService.csproj", "{944C9A5B-7762-48DB-A77A-4BA815BAD8A3}"
EndProject
Global
	GlobalSection(SolutionConfigurationPlatforms) = preSolution
		Debug|Any CPU = Debug|Any CPU
		Release|Any CPU = Release|Any CPU
	EndGlobalSection
	GlobalSection(ProjectConfigurationPlatforms) = postSolution
		{D192CFD2-DFC9-9BFB-9DAD-85AEE271511E}.Debug|Any CPU.ActiveCfg = Debug|Any CPU
		{D192CFD2-DFC9-9BFB-9DAD-85AEE271511E}.Debug|Any CPU.Build.0 = Debug|Any CPU
		{D192CFD2-DFC9-9BFB-9DAD-85AEE271511E}.Release|Any CPU.ActiveCfg = Release|Any CPU
		{D192CFD2-DFC9-9BFB-9DAD-85AEE271511E}.Release|Any CPU.Build.0 = Release|Any CPU
		{944C9A5B-7762-48DB-A77A-4BA815BAD8A3}.Debug|Any CPU.ActiveCfg = Debug|Any CPU
		{944C9A5B-7762-48DB-A77A-4BA815BAD8A3}.Debug|Any CPU.Build.0 = Debug|Any CPU
		{944C9A5B-7762-48DB-A77A-4BA815BAD8A3}.Release|Any CPU.ActiveCfg = Release|Any CPU
		{944C9A5B-7762-48DB-A77A-4BA815BAD8A3}.Release|Any CPU.Build.0 = Release|Any CPU
	EndGlobalSection
	GlobalSection(SolutionProperties) = preSolution
		HideSolutionNode = FALSE
	EndGlobalSection
	GlobalSection(ExtensibilityGlobals) = postSolution
		SolutionGuid = {6A5CE153-894D-42C1-8C85-A4779CA159BD}
	EndGlobalSection
EndGlobal
